
Microsoft Visual Studio Solution File, Format Version 12.00
# Visual Studio Version 16
VisualStudioVersion = 16.0.31729.503
MinimumVisualStudioVersion = 10.0.40219.1
Project("{FAE04EC0-301F-11D3-BF4B-00C04F79EFBC}") = "ACM.BL", "ACM.BL\ACM.BL.csproj", "{97618808-7356-4C44-ABED-F77B57912DB4}"
EndProject
Project("{2150E333-8FDC-42A3-9474-1A3956D46DE8}") = "Tests", "Tests", "{E6240264-A0F9-416B-98D3-20C1D3161617}"
EndProject
Project("{FAE04EC0-301F-11D3-BF4B-00C04F79EFBC}") = "ACM.BLTest", "Tests\ACM.BLTest\ACM.BLTest.csproj", "{2290081A-926C-461B-AEF0-010A94000FF9}"
EndProject
Project("{FAE04EC0-301F-11D3-BF4B-00C04F79EFBC}") = "Acme.Common", "Acme.Common\Acme.Common.csproj", "{9C69BED9-45C0-4A2C-AFD0-69E715D03434}"
EndProject
Project("{FAE04EC0-301F-11D3-BF4B-00C04F79EFBC}") = "Acme.CommonTests", "Tests\Acme.CommonTests\Acme.CommonTests.csproj", "{0D3EA99F-6CCC-4D5F-A724-FA396DE51233}"
EndProject
Global
	GlobalSection(SolutionConfigurationPlatforms) = preSolution
		Debug|Any CPU = Debug|Any CPU
		Release|Any CPU = Release|Any CPU
	EndGlobalSection
	GlobalSection(ProjectConfigurationPlatforms) = postSolution
		{97618808-7356-4C44-ABED-F77B57912DB4}.Debug|Any CPU.ActiveCfg = Debug|Any CPU
		{97618808-7356-4C44-ABED-F77B57912DB4}.Debug|Any CPU.Build.0 = Debug|Any CPU
		{97618808-7356-4C44-ABED-F77B57912DB4}.Release|Any CPU.ActiveCfg = Release|Any CPU
		{97618808-7356-4C44-ABED-F77B57912DB4}.Release|Any CPU.Build.0 = Release|Any CPU
		{2290081A-926C-461B-AEF0-010A94000FF9}.Debug|Any CPU.ActiveCfg = Debug|Any CPU
		{2290081A-926C-461B-AEF0-010A94000FF9}.Debug|Any CPU.Build.0 = Debug|Any CPU
		{2290081A-926C-461B-AEF0-010A94000FF9}.Release|Any CPU.ActiveCfg = Release|Any CPU
		{2290081A-926C-461B-AEF0-010A94000FF9}.Release|Any CPU.Build.0 = Release|Any CPU
		{9C69BED9-45C0-4A2C-AFD0-69E715D03434}.Debug|Any CPU.ActiveCfg = Debug|Any CPU
		{9C69BED9-45C0-4A2C-AFD0-69E715D03434}.Debug|Any CPU.Build.0 = Debug|Any CPU
		{9C69BED9-45C0-4A2C-AFD0-69E715D03434}.Release|Any CPU.ActiveCfg = Release|Any CPU
		{9C69BED9-45C0-4A2C-AFD0-69E715D03434}.Release|Any CPU.Build.0 = Release|Any CPU
		{0D3EA99F-6CCC-4D5F-A724-FA396DE51233}.Debug|Any CPU.ActiveCfg = Debug|Any CPU
		{0D3EA99F-6CCC-4D5F-A724-FA396DE51233}.Debug|Any CPU.Build.0 = Debug|Any CPU
		{0D3EA99F-6CCC-4D5F-A724-FA396DE51233}.Release|Any CPU.ActiveCfg = Release|Any CPU
		{0D3EA99F-6CCC-4D5F-A724-FA396DE51233}.Release|Any CPU.Build.0 = Release|Any CPU
	EndGlobalSection
	GlobalSection(SolutionProperties) = preSolution
		HideSolutionNode = FALSE
	EndGlobalSection
	GlobalSection(NestedProjects) = preSolution
		{2290081A-926C-461B-AEF0-010A94000FF9} = {E6240264-A0F9-416B-98D3-20C1D3161617}
		{0D3EA99F-6CCC-4D5F-A724-FA396DE51233} = {E6240264-A0F9-416B-98D3-20C1D3161617}
	EndGlobalSection
	GlobalSection(ExtensibilityGlobals) = postSolution
		SolutionGuid = {6CA98C9F-26FA-43DF-A5D9-43D2A583E56F}
	EndGlobalSection
EndGlobal
